
Microsoft Visual Studio Solution File, Format Version 12.00
# Visual Studio Version 17
VisualStudioVersion = 17.11.35303.130
MinimumVisualStudioVersion = 10.0.40219.1
Project("{9A19103F-16F7-4668-BE54-9A1E7A4F7556}") = "TestProject1", "TestProject1\TestProject1.csproj", "{39A98141-CB78-42CC-82E3-24ED226AED27}"
EndProject
Project("{FAE04EC0-301F-11D3-BF4B-00C04F79EFBC}") = "p3", "p3\p3.csproj", "{585E50A3-59B3-44E5-99A2-977D55449D51}"
EndProject
Global
	GlobalSection(SolutionConfigurationPlatforms) = preSolution
		Debug|Any CPU = Debug|Any CPU
		Release|Any CPU = Release|Any CPU
	EndGlobalSection
	GlobalSection(ProjectConfigurationPlatforms) = postSolution
		{39A98141-CB78-42CC-82E3-24ED226AED27}.Debug|Any CPU.ActiveCfg = Debug|Any CPU
		{39A98141-CB78-42CC-82E3-24ED226AED27}.Debug|Any CPU.Build.0 = Debug|Any CPU
		{39A98141-CB78-42CC-82E3-24ED226AED27}.Release|Any CPU.ActiveCfg = Release|Any CPU
		{39A98141-CB78-42CC-82E3-24ED226AED27}.Release|Any CPU.Build.0 = Release|Any CPU
		{585E50A3-59B3-44E5-99A2-977D55449D51}.Debug|Any CPU.ActiveCfg = Debug|Any CPU
		{585E50A3-59B3-44E5-99A2-977D55449D51}.Debug|Any CPU.Build.0 = Debug|Any CPU
		{585E50A3-59B3-44E5-99A2-977D55449D51}.Release|Any CPU.ActiveCfg = Release|Any CPU
		{585E50A3-59B3-44E5-99A2-977D55449D51}.Release|Any CPU.Build.0 = Release|Any CPU
	EndGlobalSection
	GlobalSection(SolutionProperties) = preSolution
		HideSolutionNode = FALSE
	EndGlobalSection
	GlobalSection(ExtensibilityGlobals) = postSolution
		SolutionGuid = {A8EA7ACC-4EFE-42ED-A952-002041E687DD}
	EndGlobalSection
EndGlobal
